
Microsoft Visual Studio Solution File, Format Version 12.00
# Visual Studio Version 17
VisualStudioVersion = 17.2.32526.322
MinimumVisualStudioVersion = 10.0.40219.1
Project("{9A19103F-16F7-4668-BE54-9A1E7A4F7556}") = "HAPI-ProviderAPI", "HAPI-ProviderAPI\HAPI-ProviderAPI.csproj", "{96413AC5-CAAE-42A2-967B-A856A93E8184}"
EndProject
Project("{FAE04EC0-301F-11D3-BF4B-00C04F79EFBC}") = "Provider.Structures", "Provider.Structures\Provider.Structures.csproj", "{5522F3BF-7646-4413-ADE8-BDAE60A86577}"
EndProject
Project("{FAE04EC0-301F-11D3-BF4B-00C04F79EFBC}") = "Provider.Services", "Provider.Services\Provider.Services.csproj", "{8EF27891-7B9C-4E20-B083-1FE12ADF11D8}"
EndProject
Global
	GlobalSection(SolutionConfigurationPlatforms) = preSolution
		Debug|Any CPU = Debug|Any CPU
		Release|Any CPU = Release|Any CPU
	EndGlobalSection
	GlobalSection(ProjectConfigurationPlatforms) = postSolution
		{96413AC5-CAAE-42A2-967B-A856A93E8184}.Debug|Any CPU.ActiveCfg = Debug|Any CPU
		{96413AC5-CAAE-42A2-967B-A856A93E8184}.Debug|Any CPU.Build.0 = Debug|Any CPU
		{96413AC5-CAAE-42A2-967B-A856A93E8184}.Release|Any CPU.ActiveCfg = Release|Any CPU
		{96413AC5-CAAE-42A2-967B-A856A93E8184}.Release|Any CPU.Build.0 = Release|Any CPU
		{5522F3BF-7646-4413-ADE8-BDAE60A86577}.Debug|Any CPU.ActiveCfg = Debug|Any CPU
		{5522F3BF-7646-4413-ADE8-BDAE60A86577}.Debug|Any CPU.Build.0 = Debug|Any CPU
		{5522F3BF-7646-4413-ADE8-BDAE60A86577}.Release|Any CPU.ActiveCfg = Release|Any CPU
		{5522F3BF-7646-4413-ADE8-BDAE60A86577}.Release|Any CPU.Build.0 = Release|Any CPU
		{8EF27891-7B9C-4E20-B083-1FE12ADF11D8}.Debug|Any CPU.ActiveCfg = Debug|Any CPU
		{8EF27891-7B9C-4E20-B083-1FE12ADF11D8}.Debug|Any CPU.Build.0 = Debug|Any CPU
		{8EF27891-7B9C-4E20-B083-1FE12ADF11D8}.Release|Any CPU.ActiveCfg = Release|Any CPU
		{8EF27891-7B9C-4E20-B083-1FE12ADF11D8}.Release|Any CPU.Build.0 = Release|Any CPU
	EndGlobalSection
	GlobalSection(SolutionProperties) = preSolution
		HideSolutionNode = FALSE
	EndGlobalSection
	GlobalSection(ExtensibilityGlobals) = postSolution
		SolutionGuid = {E15C6818-49F8-4736-8667-AE9406B5332E}
	EndGlobalSection
EndGlobal
